
Microsoft Visual Studio Solution File, Format Version 12.00
# Visual Studio Version 16
VisualStudioVersion = 16.0.29911.84
MinimumVisualStudioVersion = 10.0.40219.1
Project("{8BC9CEB8-8B4A-11D0-8D11-00A0C91BC942}") = "p133 no.17", "p133 no.17\p133 no.17.vcxproj", "{10F55BC7-EBEB-4854-8452-1C739D6DA4EE}"
EndProject
Global
	GlobalSection(SolutionConfigurationPlatforms) = preSolution
		Debug|x64 = Debug|x64
		Debug|x86 = Debug|x86
		Release|x64 = Release|x64
		Release|x86 = Release|x86
	EndGlobalSection
	GlobalSection(ProjectConfigurationPlatforms) = postSolution
		{10F55BC7-EBEB-4854-8452-1C739D6DA4EE}.Debug|x64.ActiveCfg = Debug|x64
		{10F55BC7-EBEB-4854-8452-1C739D6DA4EE}.Debug|x64.Build.0 = Debug|x64
		{10F55BC7-EBEB-4854-8452-1C739D6DA4EE}.Debug|x86.ActiveCfg = Debug|Win32
		{10F55BC7-EBEB-4854-8452-1C739D6DA4EE}.Debug|x86.Build.0 = Debug|Win32
		{10F55BC7-EBEB-4854-8452-1C739D6DA4EE}.Release|x64.ActiveCfg = Release|x64
		{10F55BC7-EBEB-4854-8452-1C739D6DA4EE}.Release|x64.Build.0 = Release|x64
		{10F55BC7-EBEB-4854-8452-1C739D6DA4EE}.Release|x86.ActiveCfg = Release|Win32
		{10F55BC7-EBEB-4854-8452-1C739D6DA4EE}.Release|x86.Build.0 = Release|Win32
	EndGlobalSection
	GlobalSection(SolutionProperties) = preSolution
		HideSolutionNode = FALSE
	EndGlobalSection
	GlobalSection(ExtensibilityGlobals) = postSolution
		SolutionGuid = {2BC2DDB1-87D0-4201-88D7-550A337C60A0}
	EndGlobalSection
EndGlobal
